
Microsoft Visual Studio Solution File, Format Version 12.00
# Visual Studio Version 17
VisualStudioVersion = 17.0.31912.275
MinimumVisualStudioVersion = 10.0.40219.1
Project("{FAE04EC0-301F-11D3-BF4B-00C04F79EFBC}") = "301104393Lu_Etedali_SongLyricApi", "301104393Lu_Etedali_SongLyricApi\301104393Lu_Etedali_SongLyricApi.csproj", "{83779183-256E-4622-B71B-70B52ECEC047}"
EndProject
Project("{FAE04EC0-301F-11D3-BF4B-00C04F79EFBC}") = "SongLyricEntities", "SongLyricEntities\SongLyricEntities.csproj", "{F2357947-1335-4CA8-BD62-BD585C55F9DC}"
EndProject
Project("{FAE04EC0-301F-11D3-BF4B-00C04F79EFBC}") = "SongLyricDataAccess", "SongLyricDataAccess\SongLyricDataAccess.csproj", "{8470811E-3F38-4361-869F-A11077F2DDB7}"
EndProject
Global
	GlobalSection(SolutionConfigurationPlatforms) = preSolution
		Debug|Any CPU = Debug|Any CPU
		Release|Any CPU = Release|Any CPU
	EndGlobalSection
	GlobalSection(ProjectConfigurationPlatforms) = postSolution
		{83779183-256E-4622-B71B-70B52ECEC047}.Debug|Any CPU.ActiveCfg = Debug|Any CPU
		{83779183-256E-4622-B71B-70B52ECEC047}.Debug|Any CPU.Build.0 = Debug|Any CPU
		{83779183-256E-4622-B71B-70B52ECEC047}.Release|Any CPU.ActiveCfg = Release|Any CPU
		{83779183-256E-4622-B71B-70B52ECEC047}.Release|Any CPU.Build.0 = Release|Any CPU
		{F2357947-1335-4CA8-BD62-BD585C55F9DC}.Debug|Any CPU.ActiveCfg = Debug|Any CPU
		{F2357947-1335-4CA8-BD62-BD585C55F9DC}.Debug|Any CPU.Build.0 = Debug|Any CPU
		{F2357947-1335-4CA8-BD62-BD585C55F9DC}.Release|Any CPU.ActiveCfg = Release|Any CPU
		{F2357947-1335-4CA8-BD62-BD585C55F9DC}.Release|Any CPU.Build.0 = Release|Any CPU
		{8470811E-3F38-4361-869F-A11077F2DDB7}.Debug|Any CPU.ActiveCfg = Debug|Any CPU
		{8470811E-3F38-4361-869F-A11077F2DDB7}.Debug|Any CPU.Build.0 = Debug|Any CPU
		{8470811E-3F38-4361-869F-A11077F2DDB7}.Release|Any CPU.ActiveCfg = Release|Any CPU
		{8470811E-3F38-4361-869F-A11077F2DDB7}.Release|Any CPU.Build.0 = Release|Any CPU
	EndGlobalSection
	GlobalSection(SolutionProperties) = preSolution
		HideSolutionNode = FALSE
	EndGlobalSection
	GlobalSection(ExtensibilityGlobals) = postSolution
		SolutionGuid = {735C439F-48CF-4141-BEE9-090D50FC6A12}
	EndGlobalSection
EndGlobal
